
Microsoft Visual Studio Solution File, Format Version 12.00
# Visual Studio Version 17
VisualStudioVersion = 17.10.34928.147
MinimumVisualStudioVersion = 10.0.40219.1
Project("{FAE04EC0-301F-11D3-BF4B-00C04F79EFBC}") = "Car_Rental_Management", "Car_Rental_Management\Car_Rental_Management.csproj", "{5274B883-153C-4E8C-80A8-FDD2AEDF3377}"
EndProject
Global
	GlobalSection(SolutionConfigurationPlatforms) = preSolution
		Debug|Any CPU = Debug|Any CPU
		Release|Any CPU = Release|Any CPU
	EndGlobalSection
	GlobalSection(ProjectConfigurationPlatforms) = postSolution
		{5274B883-153C-4E8C-80A8-FDD2AEDF3377}.Debug|Any CPU.ActiveCfg = Debug|Any CPU
		{5274B883-153C-4E8C-80A8-FDD2AEDF3377}.Debug|Any CPU.Build.0 = Debug|Any CPU
		{5274B883-153C-4E8C-80A8-FDD2AEDF3377}.Release|Any CPU.ActiveCfg = Release|Any CPU
		{5274B883-153C-4E8C-80A8-FDD2AEDF3377}.Release|Any CPU.Build.0 = Release|Any CPU
	EndGlobalSection
	GlobalSection(SolutionProperties) = preSolution
		HideSolutionNode = FALSE
	EndGlobalSection
	GlobalSection(ExtensibilityGlobals) = postSolution
		SolutionGuid = {3513017F-2815-49B3-BF65-78BE9CFEEF69}
	EndGlobalSection
EndGlobal
